<?xml version="1.0" encoding="utf-8"?>
<Project ToolsVersion="4.0" xmlns="http://schemas.microsoft.com/developer/msbuild/2003">
  <ItemGroup>
    <Filter Include="Source Files">
      <UniqueIdentifier>{4FC737F1-C7A5-4376-A066-2A32D752A2FF}</UniqueIdentifier>
      <Extensions>cpp;c;cc;cxx;def;odl;idl;hpj;bat;asm;asmx</Extensions>
    </Filter>
    <Filter Include="Header Files">
      <UniqueIdentifier>{93995380-89BD-4b04-88EB-625FBE52EBFB}</UniqueIdentifier>
      <Extensions>h;hpp;hxx;hm;inl;inc;xsd</Extensions>
    </Filter>
    <Filter Include="Resource Files">
      <UniqueIdentifier>{67DA6AB6-F800-4c08-8B7A-83BB121AAD01}</UniqueIdentifier>
      <Extensions>rc;ico;cur;bmp;dlg;rc2;rct;bin;rgs;gif;jpg;jpeg;jpe;resx;tiff;tif;png;wav;mfcribbon-ms</Extensions>
    </Filter>
  </ItemGroup>
  <ItemGroup>
    <ClInclude Include="include\OgreApp1.h">
      <Filter>Header Files</Filter>
    </ClInclude>
    <ClInclude Include="include\BaseApplication.h">
      <Filter>Header Files</Filter>
    </ClInclude>
    <ClInclude Include="res\Resource.h">
      <Filter>Header Files</Filter>
    </ClInclude>
    <ClInclude Include="include\Player.h">
      <Filter>Header Files</Filter>
    </ClInclude>
    <ClInclude Include="include\Sound.h">
      <Filter>Header Files</Filter>
    </ClInclude>
    <ClInclude Include="include\Target.h">
      <Filter>Header Files</Filter>
    </ClInclude>
    <ClInclude Include="include\Wall.h">
      <Filter>Header Files</Filter>
    </ClInclude>
    <ClInclude Include="include\WallLine.h">
      <Filter>Header Files</Filter>
    </ClInclude>
    <ClInclude Include="include\DieException.h">
      <Filter>Header Files</Filter>
    </ClInclude>
    <ClInclude Include="include\dirent.h">
      <Filter>Header Files</Filter>
    </ClInclude>
    <ClInclude Include="include\Guard.h">
      <Filter>Header Files</Filter>
    </ClInclude>
    <ClInclude Include="include\irrKlang.h">
      <Filter>Header Files</Filter>
    </ClInclude>
    <ClInclude Include="include\Mission.h">
      <Filter>Header Files</Filter>
    </ClInclude>
    <ClInclude Include="include\GuardGroup.h">
      <Filter>Header Files</Filter>
    </ClInclude>
    <ClInclude Include="include\GuardRandom.h">
      <Filter>Header Files</Filter>
    </ClInclude>
    <ClInclude Include="include\GuardLine.h">
      <Filter>Header Files</Filter>
    </ClInclude>
    <ClInclude Include="include\GuardFollower.h">
      <Filter>Header Files</Filter>
    </ClInclude>
  </ItemGroup>
  <ItemGroup>
    <ClCompile Include="src\OgreApp1.cpp">
      <Filter>Source Files</Filter>
    </ClCompile>
    <ClCompile Include="src\BaseApplication.cpp">
      <Filter>Source Files</Filter>
    </ClCompile>
    <ClCompile Include="include\Player.cpp">
      <Filter>Source Files</Filter>
    </ClCompile>
    <ClCompile Include="include\Sound.cpp">
      <Filter>Source Files</Filter>
    </ClCompile>
    <ClCompile Include="include\Target.cpp">
      <Filter>Source Files</Filter>
    </ClCompile>
    <ClCompile Include="include\Wall.cpp">
      <Filter>Source Files</Filter>
    </ClCompile>
    <ClCompile Include="include\WallLine.cpp">
      <Filter>Source Files</Filter>
    </ClCompile>
    <ClCompile Include="include\DieException.cpp">
      <Filter>Source Files</Filter>
    </ClCompile>
    <ClCompile Include="include\Guard.cpp">
      <Filter>Source Files</Filter>
    </ClCompile>
    <ClCompile Include="include\Mission.cpp">
      <Filter>Source Files</Filter>
    </ClCompile>
    <ClCompile Include="include\GuardGroup.cpp">
      <Filter>Source Files</Filter>
    </ClCompile>
    <ClCompile Include="include\GuardRandom.cpp">
      <Filter>Source Files</Filter>
    </ClCompile>
    <ClCompile Include="include\GuardLine.cpp">
      <Filter>Source Files</Filter>
    </ClCompile>
    <ClCompile Include="include\GuardFollower.cpp">
      <Filter>Source Files</Filter>
    </ClCompile>
  </ItemGroup>
  <ItemGroup>
    <None Include="docs\ReadMe.txt" />
    <None Include="res\OgreApp1.ico">
      <Filter>Resource Files</Filter>
    </None>
  </ItemGroup>
  <ItemGroup>
    <ResourceCompile Include="res\OgreApp1.rc">
      <Filter>Resource Files</Filter>
    </ResourceCompile>
  </ItemGroup>
</Project>